
Microsoft Visual Studio Solution File, Format Version 12.00
# Visual Studio Version 16
VisualStudioVersion = 16.0.31205.134
MinimumVisualStudioVersion = 10.0.40219.1
Project("{FAE04EC0-301F-11D3-BF4B-00C04F79EFBC}") = "TransactionEFCore.API", "TransactionEFCore.API\TransactionEFCore.API.csproj", "{B3BB8C84-0CE9-4240-95D1-A0D11D0CAB00}"
EndProject
Global
	GlobalSection(SolutionConfigurationPlatforms) = preSolution
		Debug|Any CPU = Debug|Any CPU
		Release|Any CPU = Release|Any CPU
	EndGlobalSection
	GlobalSection(ProjectConfigurationPlatforms) = postSolution
		{B3BB8C84-0CE9-4240-95D1-A0D11D0CAB00}.Debug|Any CPU.ActiveCfg = Debug|Any CPU
		{B3BB8C84-0CE9-4240-95D1-A0D11D0CAB00}.Debug|Any CPU.Build.0 = Debug|Any CPU
		{B3BB8C84-0CE9-4240-95D1-A0D11D0CAB00}.Release|Any CPU.ActiveCfg = Release|Any CPU
		{B3BB8C84-0CE9-4240-95D1-A0D11D0CAB00}.Release|Any CPU.Build.0 = Release|Any CPU
	EndGlobalSection
	GlobalSection(SolutionProperties) = preSolution
		HideSolutionNode = FALSE
	EndGlobalSection
	GlobalSection(ExtensibilityGlobals) = postSolution
		SolutionGuid = {48E134A7-B592-4F70-835A-585FEC52B64C}
	EndGlobalSection
EndGlobal
